
Microsoft Visual Studio Solution File, Format Version 12.00
# Visual Studio 15
Project("{2150E333-8FDC-42A3-9474-1A3956D46DE8}") = "Common", "Common", "{82F63EF4-7695-41EE-998A-F7C55FA204B0}"
EndProject
Project("{F2A71F9B-5D33-465A-A702-920D77279786}") = "Utilities", "Utilities\Utilities.fsproj", "{F5744139-11A0-4545-863A-377487B42B9B}"
EndProject
Project("{2150E333-8FDC-42A3-9474-1A3956D46DE8}") = "Solution Items", "Solution Items", "{8034DB97-DF53-49EC-A3E7-E8CC7646683D}"
	ProjectSection(SolutionItems) = preProject
		InputFiles\Day10Input.txt = InputFiles\Day10Input.txt
		InputFiles\Day09Input.txt = InputFiles\Day09Input.txt
		InputFiles\Day09ExampleInput.txt = InputFiles\Day09ExampleInput.txt
		InputFiles\Day08Input.txt = InputFiles\Day08Input.txt
		InputFiles\Day08ExampleInput.txt = InputFiles\Day08ExampleInput.txt
		InputFiles\Day07Input.txt = InputFiles\Day07Input.txt
		InputFiles\Day07ExampleInput.txt = InputFiles\Day07ExampleInput.txt
		InputFiles\Day06Input.txt = InputFiles\Day06Input.txt
		InputFiles\Day05Input.txt = InputFiles\Day05Input.txt
		InputFiles\Day04Input.txt = InputFiles\Day04Input.txt
		InputFiles\Day03Input.txt = InputFiles\Day03Input.txt
		InputFiles\Day02Input.txt = InputFiles\Day02Input.txt
		InputFiles\Day01Input.txt = InputFiles\Day01Input.txt
		InputFiles\Day10ExampleInput.txt = InputFiles\Day10ExampleInput.txt
		InputFiles\Day10ExampleInput2.txt = InputFiles\Day10ExampleInput2.txt
		InputFiles\Day11Input.txt = InputFiles\Day11Input.txt
		InputFiles\Day11ExampleInput.txt = InputFiles\Day11ExampleInput.txt
		InputFiles\Day12Input.txt = InputFiles\Day12Input.txt
		InputFiles\Day12ExampleInput.txt = InputFiles\Day12ExampleInput.txt
		InputFiles\Day13Input.txt = InputFiles\Day13Input.txt
		InputFiles\Day13ExampleInput.txt = InputFiles\Day13ExampleInput.txt
		InputFiles\Day14Input.txt = InputFiles\Day14Input.txt
		InputFiles\Day14ExampleInput.txt = InputFiles\Day14ExampleInput.txt
		InputFiles\Day16ExampleInput.txt = InputFiles\Day16ExampleInput.txt
		InputFiles\Day16Input.txt = InputFiles\Day16Input.txt
		InputFiles\Day17ExampleInput.txt = InputFiles\Day17ExampleInput.txt
		InputFiles\Day17Input.txt = InputFiles\Day17Input.txt
		InputFiles\Day18Input.txt = InputFiles\Day18Input.txt
		InputFiles\Day18ExampleInput.txt = InputFiles\Day18ExampleInput.txt
		InputFiles\Day19Input.txt = InputFiles\Day19Input.txt
		InputFiles\Day19ExampleInput.txt = InputFiles\Day19ExampleInput.txt
		InputFiles\Day19ExampleInput2.txt = InputFiles\Day19ExampleInput2.txt
		InputFiles\Day20ExampleInput.txt = InputFiles\Day20ExampleInput.txt
		InputFiles\Day20Input.txt = InputFiles\Day20Input.txt
		InputFiles\Day20ExampleInput2.txt = InputFiles\Day20ExampleInput2.txt
		InputFiles\Day21Input.txt = InputFiles\Day21Input.txt
		InputFiles\Day21ExampleInput.txt = InputFiles\Day21ExampleInput.txt
		InputFiles\Day22Input.txt = InputFiles\Day22Input.txt
		InputFiles\Day22ExampleInput.txt = InputFiles\Day22ExampleInput.txt
		InputFiles\Day22ExampleInput2.txt = InputFiles\Day22ExampleInput2.txt
	EndProjectSection
EndProject
Project("{F2A71F9B-5D33-465A-A702-920D77279786}") = "Day10", "Day10\Day10.fsproj", "{BD36450D-42A0-4BA0-9149-CFD44D4E02C8}"
EndProject
Project("{F2A71F9B-5D33-465A-A702-920D77279786}") = "Day01", "Day01\Day01.fsproj", "{AB0F3983-FADF-4701-8846-73200D8327A9}"
EndProject
Project("{F2A71F9B-5D33-465A-A702-920D77279786}") = "Day02", "Day02\Day02.fsproj", "{A4079887-D5F7-45B4-8ADD-0EDA86FC8682}"
EndProject
Project("{F2A71F9B-5D33-465A-A702-920D77279786}") = "Day03", "Day03\Day03.fsproj", "{EC5001E1-681B-4E28-AF30-86F25B108340}"
EndProject
Project("{F2A71F9B-5D33-465A-A702-920D77279786}") = "Day04", "Day04\Day04.fsproj", "{C29C8D3E-4F81-435E-B4D2-9B0A0F8FD5BE}"
EndProject
Project("{F2A71F9B-5D33-465A-A702-920D77279786}") = "Day05", "Day05\Day05.fsproj", "{49D69E15-B3B5-4370-B742-FB060C67E875}"
EndProject
Project("{F2A71F9B-5D33-465A-A702-920D77279786}") = "Day06", "Day06\Day06.fsproj", "{45759FFB-6F91-4CB6-9380-884044BFABE5}"
EndProject
Project("{F2A71F9B-5D33-465A-A702-920D77279786}") = "Day07", "Day07\Day07.fsproj", "{5064FA8E-880D-44EE-A66C-8A72DCF625A4}"
EndProject
Project("{F2A71F9B-5D33-465A-A702-920D77279786}") = "Day08", "Day08\Day08.fsproj", "{988A241E-8325-460E-B683-1F2961A1C9C6}"
EndProject
Project("{F2A71F9B-5D33-465A-A702-920D77279786}") = "Day09", "Day09\Day09.fsproj", "{5384BB0B-EA06-4A08-83CA-8C83A33B7CE7}"
EndProject
Project("{F2A71F9B-5D33-465A-A702-920D77279786}") = "Day11", "Day11\Day11.fsproj", "{D44A512C-F650-4801-BFA6-3ED949EAF332}"
EndProject
Project("{F2A71F9B-5D33-465A-A702-920D77279786}") = "Day12", "Day12\Day12.fsproj", "{F34CCBD6-606A-4749-8D1C-C8B2182DE850}"
EndProject
Project("{F2A71F9B-5D33-465A-A702-920D77279786}") = "Day13", "Day13\Day13.fsproj", "{68277E86-7879-4C9D-AFDC-CF7D9FABE47B}"
EndProject
Project("{F2A71F9B-5D33-465A-A702-920D77279786}") = "Day14", "Day14\Day14.fsproj", "{4EDF3B23-F248-4DE6-93B1-079ACE6E7006}"
EndProject
Project("{F2A71F9B-5D33-465A-A702-920D77279786}") = "Day15", "Day15\Day15.fsproj", "{77113FB1-83E5-4E64-AABF-8C9E79D81DB3}"
EndProject
Project("{F2A71F9B-5D33-465A-A702-920D77279786}") = "Day16", "Day16\Day16.fsproj", "{B8FE7AED-0FEA-4FA0-9370-BA3E0AB2399B}"
EndProject
Project("{F2A71F9B-5D33-465A-A702-920D77279786}") = "Day17", "Day17\Day17.fsproj", "{084BA2A6-B24A-4E85-ACAE-F1ADB64ABC74}"
EndProject
Project("{F2A71F9B-5D33-465A-A702-920D77279786}") = "Day18", "Day18\Day18.fsproj", "{6221EBAF-E5C4-4185-95C5-22424B550F36}"
EndProject
Project("{F2A71F9B-5D33-465A-A702-920D77279786}") = "Day19", "Day19\Day19.fsproj", "{FEEAF552-9E5F-4C1E-B3D7-A852AC7A8F81}"
EndProject
Project("{F2A71F9B-5D33-465A-A702-920D77279786}") = "Day20", "Day20\Day20.fsproj", "{D295E45E-9FC8-4135-B2B2-0E0D335E0FB0}"
EndProject
Project("{F2A71F9B-5D33-465A-A702-920D77279786}") = "Day21", "Day21\Day21.fsproj", "{32BF922B-AACA-4B29-95B0-460C2147E178}"
EndProject
Project("{F2A71F9B-5D33-465A-A702-920D77279786}") = "Day22", "Day22\Day22.fsproj", "{1C6FF1FA-068E-4BFC-9D5A-7DF96A54C11D}"
EndProject
Project("{F2A71F9B-5D33-465A-A702-920D77279786}") = "Day23", "Day23\Day23.fsproj", "{888C398E-8945-428E-AAAE-9A9631234F38}"
EndProject
Global
	GlobalSection(SolutionConfigurationPlatforms) = preSolution
		Debug|anycpu = Debug|anycpu
		Release|anycpu = Release|anycpu
	EndGlobalSection
	GlobalSection(ProjectConfigurationPlatforms) = postSolution
		{F5744139-11A0-4545-863A-377487B42B9B}.Debug|anycpu.ActiveCfg = Debug|Any CPU
		{F5744139-11A0-4545-863A-377487B42B9B}.Debug|anycpu.Build.0 = Debug|Any CPU
		{F5744139-11A0-4545-863A-377487B42B9B}.Release|anycpu.ActiveCfg = Release|Any CPU
		{F5744139-11A0-4545-863A-377487B42B9B}.Release|anycpu.Build.0 = Release|Any CPU
		{BD36450D-42A0-4BA0-9149-CFD44D4E02C8}.Debug|anycpu.ActiveCfg = Debug|Any CPU
		{BD36450D-42A0-4BA0-9149-CFD44D4E02C8}.Debug|anycpu.Build.0 = Debug|Any CPU
		{BD36450D-42A0-4BA0-9149-CFD44D4E02C8}.Release|anycpu.ActiveCfg = Release|Any CPU
		{BD36450D-42A0-4BA0-9149-CFD44D4E02C8}.Release|anycpu.Build.0 = Release|Any CPU
		{AB0F3983-FADF-4701-8846-73200D8327A9}.Debug|anycpu.ActiveCfg = Debug|Any CPU
		{AB0F3983-FADF-4701-8846-73200D8327A9}.Debug|anycpu.Build.0 = Debug|Any CPU
		{AB0F3983-FADF-4701-8846-73200D8327A9}.Release|anycpu.ActiveCfg = Release|Any CPU
		{AB0F3983-FADF-4701-8846-73200D8327A9}.Release|anycpu.Build.0 = Release|Any CPU
		{A4079887-D5F7-45B4-8ADD-0EDA86FC8682}.Debug|anycpu.ActiveCfg = Debug|Any CPU
		{A4079887-D5F7-45B4-8ADD-0EDA86FC8682}.Debug|anycpu.Build.0 = Debug|Any CPU
		{A4079887-D5F7-45B4-8ADD-0EDA86FC8682}.Release|anycpu.ActiveCfg = Release|Any CPU
		{A4079887-D5F7-45B4-8ADD-0EDA86FC8682}.Release|anycpu.Build.0 = Release|Any CPU
		{EC5001E1-681B-4E28-AF30-86F25B108340}.Debug|anycpu.ActiveCfg = Debug|Any CPU
		{EC5001E1-681B-4E28-AF30-86F25B108340}.Debug|anycpu.Build.0 = Debug|Any CPU
		{EC5001E1-681B-4E28-AF30-86F25B108340}.Release|anycpu.ActiveCfg = Release|Any CPU
		{EC5001E1-681B-4E28-AF30-86F25B108340}.Release|anycpu.Build.0 = Release|Any CPU
		{C29C8D3E-4F81-435E-B4D2-9B0A0F8FD5BE}.Debug|anycpu.ActiveCfg = Debug|Any CPU
		{C29C8D3E-4F81-435E-B4D2-9B0A0F8FD5BE}.Debug|anycpu.Build.0 = Debug|Any CPU
		{C29C8D3E-4F81-435E-B4D2-9B0A0F8FD5BE}.Release|anycpu.ActiveCfg = Release|Any CPU
		{C29C8D3E-4F81-435E-B4D2-9B0A0F8FD5BE}.Release|anycpu.Build.0 = Release|Any CPU
		{49D69E15-B3B5-4370-B742-FB060C67E875}.Debug|anycpu.ActiveCfg = Debug|Any CPU
		{49D69E15-B3B5-4370-B742-FB060C67E875}.Debug|anycpu.Build.0 = Debug|Any CPU
		{49D69E15-B3B5-4370-B742-FB060C67E875}.Release|anycpu.ActiveCfg = Release|Any CPU
		{49D69E15-B3B5-4370-B742-FB060C67E875}.Release|anycpu.Build.0 = Release|Any CPU
		{45759FFB-6F91-4CB6-9380-884044BFABE5}.Debug|anycpu.ActiveCfg = Debug|Any CPU
		{45759FFB-6F91-4CB6-9380-884044BFABE5}.Debug|anycpu.Build.0 = Debug|Any CPU
		{45759FFB-6F91-4CB6-9380-884044BFABE5}.Release|anycpu.ActiveCfg = Release|Any CPU
		{45759FFB-6F91-4CB6-9380-884044BFABE5}.Release|anycpu.Build.0 = Release|Any CPU
		{5064FA8E-880D-44EE-A66C-8A72DCF625A4}.Debug|anycpu.ActiveCfg = Debug|Any CPU
		{5064FA8E-880D-44EE-A66C-8A72DCF625A4}.Debug|anycpu.Build.0 = Debug|Any CPU
		{5064FA8E-880D-44EE-A66C-8A72DCF625A4}.Release|anycpu.ActiveCfg = Release|Any CPU
		{5064FA8E-880D-44EE-A66C-8A72DCF625A4}.Release|anycpu.Build.0 = Release|Any CPU
		{988A241E-8325-460E-B683-1F2961A1C9C6}.Debug|anycpu.ActiveCfg = Debug|Any CPU
		{988A241E-8325-460E-B683-1F2961A1C9C6}.Debug|anycpu.Build.0 = Debug|Any CPU
		{988A241E-8325-460E-B683-1F2961A1C9C6}.Release|anycpu.ActiveCfg = Release|Any CPU
		{988A241E-8325-460E-B683-1F2961A1C9C6}.Release|anycpu.Build.0 = Release|Any CPU
		{5384BB0B-EA06-4A08-83CA-8C83A33B7CE7}.Debug|anycpu.ActiveCfg = Debug|Any CPU
		{5384BB0B-EA06-4A08-83CA-8C83A33B7CE7}.Debug|anycpu.Build.0 = Debug|Any CPU
		{5384BB0B-EA06-4A08-83CA-8C83A33B7CE7}.Release|anycpu.ActiveCfg = Release|Any CPU
		{5384BB0B-EA06-4A08-83CA-8C83A33B7CE7}.Release|anycpu.Build.0 = Release|Any CPU
		{D44A512C-F650-4801-BFA6-3ED949EAF332}.Debug|anycpu.ActiveCfg = Debug|Any CPU
		{D44A512C-F650-4801-BFA6-3ED949EAF332}.Debug|anycpu.Build.0 = Debug|Any CPU
		{D44A512C-F650-4801-BFA6-3ED949EAF332}.Release|anycpu.ActiveCfg = Release|Any CPU
		{D44A512C-F650-4801-BFA6-3ED949EAF332}.Release|anycpu.Build.0 = Release|Any CPU
		{F34CCBD6-606A-4749-8D1C-C8B2182DE850}.Debug|anycpu.ActiveCfg = Debug|Any CPU
		{F34CCBD6-606A-4749-8D1C-C8B2182DE850}.Debug|anycpu.Build.0 = Debug|Any CPU
		{F34CCBD6-606A-4749-8D1C-C8B2182DE850}.Release|anycpu.ActiveCfg = Release|Any CPU
		{F34CCBD6-606A-4749-8D1C-C8B2182DE850}.Release|anycpu.Build.0 = Release|Any CPU
		{68277E86-7879-4C9D-AFDC-CF7D9FABE47B}.Debug|anycpu.ActiveCfg = Debug|Any CPU
		{68277E86-7879-4C9D-AFDC-CF7D9FABE47B}.Debug|anycpu.Build.0 = Debug|Any CPU
		{68277E86-7879-4C9D-AFDC-CF7D9FABE47B}.Release|anycpu.ActiveCfg = Release|Any CPU
		{68277E86-7879-4C9D-AFDC-CF7D9FABE47B}.Release|anycpu.Build.0 = Release|Any CPU
		{4EDF3B23-F248-4DE6-93B1-079ACE6E7006}.Debug|anycpu.ActiveCfg = Debug|Any CPU
		{4EDF3B23-F248-4DE6-93B1-079ACE6E7006}.Debug|anycpu.Build.0 = Debug|Any CPU
		{4EDF3B23-F248-4DE6-93B1-079ACE6E7006}.Release|anycpu.ActiveCfg = Release|Any CPU
		{4EDF3B23-F248-4DE6-93B1-079ACE6E7006}.Release|anycpu.Build.0 = Release|Any CPU
		{77113FB1-83E5-4E64-AABF-8C9E79D81DB3}.Debug|anycpu.ActiveCfg = Debug|Any CPU
		{77113FB1-83E5-4E64-AABF-8C9E79D81DB3}.Debug|anycpu.Build.0 = Debug|Any CPU
		{77113FB1-83E5-4E64-AABF-8C9E79D81DB3}.Release|anycpu.ActiveCfg = Release|Any CPU
		{77113FB1-83E5-4E64-AABF-8C9E79D81DB3}.Release|anycpu.Build.0 = Release|Any CPU
		{B8FE7AED-0FEA-4FA0-9370-BA3E0AB2399B}.Debug|anycpu.ActiveCfg = Debug|Any CPU
		{B8FE7AED-0FEA-4FA0-9370-BA3E0AB2399B}.Debug|anycpu.Build.0 = Debug|Any CPU
		{B8FE7AED-0FEA-4FA0-9370-BA3E0AB2399B}.Release|anycpu.ActiveCfg = Release|Any CPU
		{B8FE7AED-0FEA-4FA0-9370-BA3E0AB2399B}.Release|anycpu.Build.0 = Release|Any CPU
		{084BA2A6-B24A-4E85-ACAE-F1ADB64ABC74}.Debug|anycpu.ActiveCfg = Debug|Any CPU
		{084BA2A6-B24A-4E85-ACAE-F1ADB64ABC74}.Debug|anycpu.Build.0 = Debug|Any CPU
		{084BA2A6-B24A-4E85-ACAE-F1ADB64ABC74}.Release|anycpu.ActiveCfg = Release|Any CPU
		{084BA2A6-B24A-4E85-ACAE-F1ADB64ABC74}.Release|anycpu.Build.0 = Release|Any CPU
		{6221EBAF-E5C4-4185-95C5-22424B550F36}.Debug|anycpu.ActiveCfg = Debug|Any CPU
		{6221EBAF-E5C4-4185-95C5-22424B550F36}.Debug|anycpu.Build.0 = Debug|Any CPU
		{6221EBAF-E5C4-4185-95C5-22424B550F36}.Release|anycpu.ActiveCfg = Release|Any CPU
		{6221EBAF-E5C4-4185-95C5-22424B550F36}.Release|anycpu.Build.0 = Release|Any CPU
		{FEEAF552-9E5F-4C1E-B3D7-A852AC7A8F81}.Debug|anycpu.ActiveCfg = Debug|Any CPU
		{FEEAF552-9E5F-4C1E-B3D7-A852AC7A8F81}.Debug|anycpu.Build.0 = Debug|Any CPU
		{FEEAF552-9E5F-4C1E-B3D7-A852AC7A8F81}.Release|anycpu.ActiveCfg = Release|Any CPU
		{FEEAF552-9E5F-4C1E-B3D7-A852AC7A8F81}.Release|anycpu.Build.0 = Release|Any CPU
		{D295E45E-9FC8-4135-B2B2-0E0D335E0FB0}.Debug|anycpu.ActiveCfg = Debug|Any CPU
		{D295E45E-9FC8-4135-B2B2-0E0D335E0FB0}.Debug|anycpu.Build.0 = Debug|Any CPU
		{D295E45E-9FC8-4135-B2B2-0E0D335E0FB0}.Release|anycpu.ActiveCfg = Release|Any CPU
		{D295E45E-9FC8-4135-B2B2-0E0D335E0FB0}.Release|anycpu.Build.0 = Release|Any CPU
		{32BF922B-AACA-4B29-95B0-460C2147E178}.Debug|anycpu.ActiveCfg = Debug|Any CPU
		{32BF922B-AACA-4B29-95B0-460C2147E178}.Debug|anycpu.Build.0 = Debug|Any CPU
		{32BF922B-AACA-4B29-95B0-460C2147E178}.Release|anycpu.ActiveCfg = Release|Any CPU
		{32BF922B-AACA-4B29-95B0-460C2147E178}.Release|anycpu.Build.0 = Release|Any CPU
		{1C6FF1FA-068E-4BFC-9D5A-7DF96A54C11D}.Debug|anycpu.ActiveCfg = Debug|Any CPU
		{1C6FF1FA-068E-4BFC-9D5A-7DF96A54C11D}.Debug|anycpu.Build.0 = Debug|Any CPU
		{1C6FF1FA-068E-4BFC-9D5A-7DF96A54C11D}.Release|anycpu.ActiveCfg = Release|Any CPU
		{1C6FF1FA-068E-4BFC-9D5A-7DF96A54C11D}.Release|anycpu.Build.0 = Release|Any CPU
		{888C398E-8945-428E-AAAE-9A9631234F38}.Debug|anycpu.ActiveCfg = Debug|Any CPU
		{888C398E-8945-428E-AAAE-9A9631234F38}.Debug|anycpu.Build.0 = Debug|Any CPU
		{888C398E-8945-428E-AAAE-9A9631234F38}.Release|anycpu.ActiveCfg = Release|Any CPU
		{888C398E-8945-428E-AAAE-9A9631234F38}.Release|anycpu.Build.0 = Release|Any CPU
	EndGlobalSection
	GlobalSection(NestedProjects) = preSolution
		{F5744139-11A0-4545-863A-377487B42B9B} = {82F63EF4-7695-41EE-998A-F7C55FA204B0}
	EndGlobalSection
EndGlobal
